
Microsoft Visual Studio Solution File, Format Version 12.00
# Visual Studio 2013
VisualStudioVersion = 12.0.31101.0
MinimumVisualStudioVersion = 10.0.40219.1
Project("{FAE04EC0-301F-11D3-BF4B-00C04F79EFBC}") = "ConquestRelay", "ConquestRelay.csproj", "{B81A24C8-25BB-42B2-AF99-1E1EACCE74C7}"
EndProject
Global
	GlobalSection(SolutionConfigurationPlatforms) = preSolution
		Debug_Ubuntu|Any CPU = Debug_Ubuntu|Any CPU
		Debug|Any CPU = Debug|Any CPU
		Release_Ubuntu|Any CPU = Release_Ubuntu|Any CPU
		Release|Any CPU = Release|Any CPU
	EndGlobalSection
	GlobalSection(ProjectConfigurationPlatforms) = postSolution
		{B81A24C8-25BB-42B2-AF99-1E1EACCE74C7}.Debug_Ubuntu|Any CPU.ActiveCfg = Debug_Ubuntu|Any CPU
		{B81A24C8-25BB-42B2-AF99-1E1EACCE74C7}.Debug_Ubuntu|Any CPU.Build.0 = Debug_Ubuntu|Any CPU
		{B81A24C8-25BB-42B2-AF99-1E1EACCE74C7}.Debug|Any CPU.ActiveCfg = Debug|Any CPU
		{B81A24C8-25BB-42B2-AF99-1E1EACCE74C7}.Debug|Any CPU.Build.0 = Debug|Any CPU
		{B81A24C8-25BB-42B2-AF99-1E1EACCE74C7}.Release_Ubuntu|Any CPU.ActiveCfg = Release_Ubuntu|Any CPU
		{B81A24C8-25BB-42B2-AF99-1E1EACCE74C7}.Release_Ubuntu|Any CPU.Build.0 = Release_Ubuntu|Any CPU
		{B81A24C8-25BB-42B2-AF99-1E1EACCE74C7}.Release|Any CPU.ActiveCfg = Release|Any CPU
		{B81A24C8-25BB-42B2-AF99-1E1EACCE74C7}.Release|Any CPU.Build.0 = Release|Any CPU
	EndGlobalSection
	GlobalSection(SolutionProperties) = preSolution
		HideSolutionNode = FALSE
	EndGlobalSection
EndGlobal
